
Microsoft Visual Studio Solution File, Format Version 12.00
# Visual Studio Version 16
VisualStudioVersion = 16.0.29230.47
MinimumVisualStudioVersion = 10.0.40219.1
Project("{888888A0-9F3D-457C-B088-3A5042F75D52}") = "Bai2_DA1", "Bai2_DA1\Bai2_DA1.pyproj", "{F7C20EA4-7345-427B-BB25-390D90934F65}"
EndProject
Global
	GlobalSection(SolutionConfigurationPlatforms) = preSolution
		Debug|Any CPU = Debug|Any CPU
		Release|Any CPU = Release|Any CPU
	EndGlobalSection
	GlobalSection(ProjectConfigurationPlatforms) = postSolution
		{F7C20EA4-7345-427B-BB25-390D90934F65}.Debug|Any CPU.ActiveCfg = Debug|Any CPU
		{F7C20EA4-7345-427B-BB25-390D90934F65}.Release|Any CPU.ActiveCfg = Release|Any CPU
	EndGlobalSection
	GlobalSection(SolutionProperties) = preSolution
		HideSolutionNode = FALSE
	EndGlobalSection
	GlobalSection(ExtensibilityGlobals) = postSolution
		SolutionGuid = {34276D19-4D16-4960-B618-34016F1A474F}
	EndGlobalSection
EndGlobal
