
Microsoft Visual Studio Solution File, Format Version 12.00
# Visual Studio Version 16
VisualStudioVersion = 16.0.29230.47
MinimumVisualStudioVersion = 10.0.40219.1
Project("{888888A0-9F3D-457C-B088-3A5042F75D52}") = "Bai4_Da1", "Bai4_Da1\Bai4_Da1.pyproj", "{7215D247-4DDA-40B5-B3C6-86CAC41FD96E}"
EndProject
Global
	GlobalSection(SolutionConfigurationPlatforms) = preSolution
		Debug|Any CPU = Debug|Any CPU
		Release|Any CPU = Release|Any CPU
	EndGlobalSection
	GlobalSection(ProjectConfigurationPlatforms) = postSolution
		{7215D247-4DDA-40B5-B3C6-86CAC41FD96E}.Debug|Any CPU.ActiveCfg = Debug|Any CPU
		{7215D247-4DDA-40B5-B3C6-86CAC41FD96E}.Release|Any CPU.ActiveCfg = Release|Any CPU
	EndGlobalSection
	GlobalSection(SolutionProperties) = preSolution
		HideSolutionNode = FALSE
	EndGlobalSection
	GlobalSection(ExtensibilityGlobals) = postSolution
		SolutionGuid = {5410C4CB-853D-43D6-9FEA-87AF1258D61A}
	EndGlobalSection
EndGlobal
